
Microsoft Visual Studio Solution File, Format Version 12.00
# Visual Studio Version 17
VisualStudioVersion = 17.11.35327.3
MinimumVisualStudioVersion = 10.0.40219.1
Project("{9A19103F-16F7-4668-BE54-9A1E7A4F7556}") = "API", "vtysapi\API.csproj", "{43FCC78E-2BC1-42D1-BE1C-74179544CD6A}"
EndProject
Project("{9A19103F-16F7-4668-BE54-9A1E7A4F7556}") = "Domain", "Domain\Domain.csproj", "{A9859ECE-C9F7-4A27-B2AC-FF7FFCF1BA04}"
EndProject
Project("{9A19103F-16F7-4668-BE54-9A1E7A4F7556}") = "Infrastructure", "Infrastructure\Infrastructure.csproj", "{E2DA13CF-E3FF-4876-A0AD-06945D3C56FA}"
EndProject
Global
	GlobalSection(SolutionConfigurationPlatforms) = preSolution
		Debug|Any CPU = Debug|Any CPU
		Release|Any CPU = Release|Any CPU
	EndGlobalSection
	GlobalSection(ProjectConfigurationPlatforms) = postSolution
		{43FCC78E-2BC1-42D1-BE1C-74179544CD6A}.Debug|Any CPU.ActiveCfg = Debug|Any CPU
		{43FCC78E-2BC1-42D1-BE1C-74179544CD6A}.Debug|Any CPU.Build.0 = Debug|Any CPU
		{43FCC78E-2BC1-42D1-BE1C-74179544CD6A}.Release|Any CPU.ActiveCfg = Release|Any CPU
		{43FCC78E-2BC1-42D1-BE1C-74179544CD6A}.Release|Any CPU.Build.0 = Release|Any CPU
		{A9859ECE-C9F7-4A27-B2AC-FF7FFCF1BA04}.Debug|Any CPU.ActiveCfg = Debug|Any CPU
		{A9859ECE-C9F7-4A27-B2AC-FF7FFCF1BA04}.Debug|Any CPU.Build.0 = Debug|Any CPU
		{A9859ECE-C9F7-4A27-B2AC-FF7FFCF1BA04}.Release|Any CPU.ActiveCfg = Release|Any CPU
		{A9859ECE-C9F7-4A27-B2AC-FF7FFCF1BA04}.Release|Any CPU.Build.0 = Release|Any CPU
		{E2DA13CF-E3FF-4876-A0AD-06945D3C56FA}.Debug|Any CPU.ActiveCfg = Debug|Any CPU
		{E2DA13CF-E3FF-4876-A0AD-06945D3C56FA}.Debug|Any CPU.Build.0 = Debug|Any CPU
		{E2DA13CF-E3FF-4876-A0AD-06945D3C56FA}.Release|Any CPU.ActiveCfg = Release|Any CPU
		{E2DA13CF-E3FF-4876-A0AD-06945D3C56FA}.Release|Any CPU.Build.0 = Release|Any CPU
	EndGlobalSection
	GlobalSection(SolutionProperties) = preSolution
		HideSolutionNode = FALSE
	EndGlobalSection
	GlobalSection(ExtensibilityGlobals) = postSolution
		SolutionGuid = {D2A0F5BF-3382-47CC-8E18-00038FFF25EF}
	EndGlobalSection
EndGlobal
